
Microsoft Visual Studio Solution File, Format Version 12.00
Project("{FAE04EC0-301F-11D3-BF4B-00C04F79EFBC}") = "ColorSchemeInverterTest", "ColorSchemeInverterTest\ColorSchemeInverterTest.csproj", "{9AE86DF9-8355-461D-9C68-992B170F8547}"
EndProject
Project("{FAE04EC0-301F-11D3-BF4B-00C04F79EFBC}") = "ColorSchemeInverter", "ColorSchemeInverter\ColorSchemeInverter.csproj", "{99BF3090-471A-410A-A795-CEB433ECF889}"
EndProject
Global
	GlobalSection(SolutionConfigurationPlatforms) = preSolution
		Debug|Any CPU = Debug|Any CPU
		Release|Any CPU = Release|Any CPU
	EndGlobalSection
	GlobalSection(ProjectConfigurationPlatforms) = postSolution
		{9AE86DF9-8355-461D-9C68-992B170F8547}.Debug|Any CPU.ActiveCfg = Debug|Any CPU
		{9AE86DF9-8355-461D-9C68-992B170F8547}.Debug|Any CPU.Build.0 = Debug|Any CPU
		{9AE86DF9-8355-461D-9C68-992B170F8547}.Release|Any CPU.ActiveCfg = Release|Any CPU
		{9AE86DF9-8355-461D-9C68-992B170F8547}.Release|Any CPU.Build.0 = Release|Any CPU
		{99BF3090-471A-410A-A795-CEB433ECF889}.Debug|Any CPU.ActiveCfg = Debug|Any CPU
		{99BF3090-471A-410A-A795-CEB433ECF889}.Debug|Any CPU.Build.0 = Debug|Any CPU
		{99BF3090-471A-410A-A795-CEB433ECF889}.Release|Any CPU.ActiveCfg = Release|Any CPU
		{99BF3090-471A-410A-A795-CEB433ECF889}.Release|Any CPU.Build.0 = Release|Any CPU
	EndGlobalSection
EndGlobal
